# @generated by Move, please check-in and do not edit manually.

[move]
version = 2
manifest_digest = "C458C23FEB01B283970D1E249F03CFDB9A931F76D3F9C484006B6D784F6FEAE0"
deps_digest = "060AD7E57DFB13104F21BE5F5C3759D03F0553FC3229247D9A7A6B45F50D03A3"
dependencies = [
  { name = "ScallopProtocol" },
  { name = "Sui" },
  { name = "VeSca" },
]

[[move.package]]
name = "CoinDecimalsRegistry"
source = { local = "../sui-lending-protocol/contracts/libs/coin_decimals_registry" }

dependencies = [
  { name = "Sui" },
]

[[move.package]]
name = "Math"
source = { local = "../sui-lending-protocol/contracts/libs/math" }

dependencies = [
  { name = "Sui" },
]

[[move.package]]
name = "MoveStdlib"
source = { git = "https://github.com/MystenLabs/sui.git", rev = "mainnet", subdir = "crates/sui-framework/packages/move-stdlib" }

[[move.package]]
name = "Sca"
source = { local = "../scallop-token/sca" }

dependencies = [
  { name = "Sui" },
  { name = "XSupply" },
]

[[move.package]]
name = "ScallopProtocol"
source = { local = "../sui-lending-protocol/contracts/protocol" }

dependencies = [
  { name = "CoinDecimalsRegistry" },
  { name = "Math" },
  { name = "Sui" },
  { name = "Whitelist" },
  { name = "X" },
  { name = "XOracle" },
]

[[move.package]]
name = "Sui"
source = { git = "https://github.com/MystenLabs/sui.git", rev = "mainnet", subdir = "crates/sui-framework/packages/sui-framework" }

dependencies = [
  { name = "MoveStdlib" },
]

[[move.package]]
name = "VeSca"
source = { local = "../ve-sca" }

dependencies = [
  { name = "Sca" },
  { name = "Sui" },
]

[[move.package]]
name = "Whitelist"
source = { local = "../sui-lending-protocol/contracts/libs/whitelist" }

dependencies = [
  { name = "Sui" },
]

[[move.package]]
name = "X"
source = { local = "../sui-lending-protocol/contracts/libs/x" }

dependencies = [
  { name = "Sui" },
]

[[move.package]]
name = "XOracle"
source = { local = "../sui-lending-protocol/contracts/sui_x_oracle/x_oracle" }

dependencies = [
  { name = "Sui" },
]

[[move.package]]
name = "XSupply"
source = { local = "../scallop-token/x_supply" }

dependencies = [
  { name = "Sui" },
]

[move.toolchain-version]
compiler-version = "1.23.1"
edition = "legacy"
flavor = "sui"

[env]

[env.mainnet]
chain-id = "35834a8a"
original-published-id = "0xa5c82ada6976597076d2ef0c8a4fb18b84ea40b6b8d3c30f49b4c27f6e022c1e"
latest-published-id = "0xa3d657e4c6c49ee2327cd6edb7874059ebb83bad52b409fe8cf27219aa1f65d0"
published-version = "2"
