# @generated by Move, please check-in and do not edit manually.

[move]
version = 2
manifest_digest = "69E25B60EE56CECC282090FC21D189429DE20A97D236463CE4D47F9424F4E0D6"
deps_digest = "060AD7E57DFB13104F21BE5F5C3759D03F0553FC3229247D9A7A6B45F50D03A3"
dependencies = [
  { name = "ScallopProtocol" },
  { name = "Sui" },
  { name = "VeSca" },
]

[[move.package]]
name = "CoinDecimalsRegistry"
source = { local = "../sui-lending-protocol/contracts/libs/coin_decimals_registry" }

dependencies = [
  { name = "Sui" },
]

[[move.package]]
name = "Math"
source = { local = "../sui-lending-protocol/contracts/libs/math" }

dependencies = [
  { name = "Sui" },
]

[[move.package]]
name = "MoveStdlib"
source = { git = "https://github.com/MystenLabs/sui.git", rev = "mainnet", subdir = "crates/sui-framework/packages/move-stdlib" }

[[move.package]]
name = "Sca"
source = { local = "../scallop-token/sca" }

dependencies = [
  { name = "Sui" },
  { name = "XSupply" },
]

[[move.package]]
name = "ScallopProtocol"
source = { local = "../sui-lending-protocol/contracts/protocol" }

dependencies = [
  { name = "CoinDecimalsRegistry" },
  { name = "Math" },
  { name = "Sui" },
  { name = "Whitelist" },
  { name = "X" },
  { name = "XOracle" },
]

[[move.package]]
name = "Sui"
source = { git = "https://github.com/MystenLabs/sui.git", rev = "mainnet", subdir = "crates/sui-framework/packages/sui-framework" }

dependencies = [
  { name = "MoveStdlib" },
]

[[move.package]]
name = "VeSca"
source = { local = "../ve-sca" }

dependencies = [
  { name = "Sca" },
  { name = "Sui" },
]

[[move.package]]
name = "Whitelist"
source = { local = "../sui-lending-protocol/contracts/libs/whitelist" }

dependencies = [
  { name = "Sui" },
]

[[move.package]]
name = "X"
source = { local = "../sui-lending-protocol/contracts/libs/x" }

dependencies = [
  { name = "Sui" },
]

[[move.package]]
name = "XOracle"
source = { local = "../sui-lending-protocol/contracts/sui_x_oracle/x_oracle" }

dependencies = [
  { name = "Sui" },
]

[[move.package]]
name = "XSupply"
source = { local = "../scallop-token/x_supply" }

dependencies = [
  { name = "Sui" },
]

[move.toolchain-version]
compiler-version = "1.25.1"
edition = "legacy"
flavor = "sui"

[env]

[env.mainnet]
chain-id = "35834a8a"
original-published-id = "0x5658d4bf5ddcba27e4337b4262108b3ad1716643cac8c2054ac341538adc72ec"
latest-published-id = "0xa3654ebb63eb06c0f4ff52f8aa6512df9f164f7772bdf15dac3709bd3798dda9"
published-version = "2"
