lockfileVersion: '9.0'

settings:
  autoInstallPeers: true
  excludeLinksFromLockfile: false

importers:

  .:
    dependencies:
      '@mysten/sui':
        specifier: 1.28.2
        version: 1.28.2(typescript@5.4.5)
      '@scallop-io/sui-kit':
        specifier: ^1.4.0
        version: 1.4.0(typescript@5.4.5)
      '@scallop-io/sui-package-kit':
        specifier: ../sui-package-kit
        version: link:../sui-package-kit
      '@types/node':
        specifier: ^20.12.12
        version: 20.12.12
      dotenv:
        specifier: ^16.4.5
        version: 16.4.5
    devDependencies:
      tsconfig-paths:
        specifier: ^4.2.0
        version: 4.2.0

packages:

  '@0no-co/graphql.web@1.0.7':
    resolution: {integrity: sha512-E3Qku4mTzdrlwVWGPxklDnME5ANrEGetvYw4i2GCRlppWXXE4QD66j7pwb8HelZwS6LnqEChhrSOGCXpbiu6MQ==}
    peerDependencies:
      graphql: ^14.0.0 || ^15.0.0 || ^16.0.0
    peerDependenciesMeta:
      graphql:
        optional: true

  '@0no-co/graphqlsp@1.12.16':
    resolution: {integrity: sha512-B5pyYVH93Etv7xjT6IfB7QtMBdaaC07yjbhN6v8H7KgFStMkPvi+oWYBTibMFRMY89qwc9H8YixXg8SXDVgYWw==}
    peerDependencies:
      graphql: ^15.5.0 || ^16.0.0 || ^17.0.0
      typescript: ^5.0.0

  '@gql.tada/cli-utils@1.6.3':
    resolution: {integrity: sha512-jFFSY8OxYeBxdKi58UzeMXG1tdm4FVjXa8WHIi66Gzu9JWtCE6mqom3a8xkmSw+mVaybFW5EN2WXf1WztJVNyQ==}
    peerDependencies:
      '@0no-co/graphqlsp': ^1.12.13
      '@gql.tada/svelte-support': 1.0.1
      '@gql.tada/vue-support': 1.0.1
      graphql: ^15.5.0 || ^16.0.0 || ^17.0.0
      typescript: ^5.0.0
    peerDependenciesMeta:
      '@gql.tada/svelte-support':
        optional: true
      '@gql.tada/vue-support':
        optional: true

  '@gql.tada/internal@1.0.8':
    resolution: {integrity: sha512-XYdxJhtHC5WtZfdDqtKjcQ4d7R1s0d1rnlSs3OcBEUbYiPoJJfZU7tWsVXuv047Z6msvmr4ompJ7eLSK5Km57g==}
    peerDependencies:
      graphql: ^15.5.0 || ^16.0.0 || ^17.0.0
      typescript: ^5.0.0

  '@graphql-typed-document-node/core@3.2.0':
    resolution: {integrity: sha512-mB9oAsNCm9aM3/SOv4YtBMqZbYj10R7dkq8byBqxGY/ncFwhf2oQzMV+LCRlWoDSEBJ3COiR1yeDvMtsoOsuFQ==}
    peerDependencies:
      graphql: ^0.8.0 || ^0.9.0 || ^0.10.0 || ^0.11.0 || ^0.12.0 || ^0.13.0 || ^14.0.0 || ^15.0.0 || ^16.0.0 || ^17.0.0

  '@mysten/bcs@1.6.0':
    resolution: {integrity: sha512-ydDRYdIkIFCpHCcPvAkMC91fVwumjzbTgjqds0KsphDQI3jUlH3jFG5lfYNTmV6V3pkhOiRk1fupLBcsQsiszg==}

  '@mysten/bcs@1.6.1':
    resolution: {integrity: sha512-pywsl2+jxbib5CbteAjMpmJpnj1pcUco2ff+lXCK3hfppPbkyWEMbZDQn1jNngV6ADQ3IFIvPs0FaS7fKWPOLA==}

  '@mysten/sui@1.28.2':
    resolution: {integrity: sha512-d+lSp3rAtuOX0taIiIv0KNILDsbmAB9koNGHBinfREraGnE9tUFW315UByuyvuZ9K53ji4i2risdtwxCQ1a8Zw==}
    engines: {node: '>=18'}

  '@mysten/utils@0.0.0':
    resolution: {integrity: sha512-KRI57Qow3E7TGqczimazwGf7+fwukdOi+6a31igSCzz0kPjAXbyK1a1gXaxeLMF8xEZ07ouW3RnsWt+EaUuHUw==}

  '@noble/curves@1.8.1':
    resolution: {integrity: sha512-warwspo+UYUPep0Q+vtdVB4Ugn8GGQj8iyB3gnRWsztmUHTI3S1nhdiWNsPUGL0vud7JlRRk1XEu7Lq1KGTnMQ==}
    engines: {node: ^14.21.3 || >=16}

  '@noble/curves@1.9.0':
    resolution: {integrity: sha512-7YDlXiNMdO1YZeH6t/kvopHHbIZzlxrCV9WLqCY6QhcXOoXiNCMDqJIglZ9Yjx5+w7Dz30TITFrlTjnRg7sKEg==}
    engines: {node: ^14.21.3 || >=16}

  '@noble/hashes@1.7.1':
    resolution: {integrity: sha512-B8XBPsn4vT/KJAGqDzbwztd+6Yte3P4V7iafm24bxgDe/mlRuK6xmWPuCNrKt2vDafZ8MfJLlchDG/vYafQEjQ==}
    engines: {node: ^14.21.3 || >=16}

  '@noble/hashes@1.8.0':
    resolution: {integrity: sha512-jCs9ldd7NwzpgXDIf6P3+NrHh9/sD6CQdxHyjQI+h/6rDNo88ypBxxz45UDuZHz9r3tNz7N/VInSVoVdtXEI4A==}
    engines: {node: ^14.21.3 || >=16}

  '@scallop-io/sui-kit@1.4.0':
    resolution: {integrity: sha512-e0Pf6iFPWFuuEUeiMdsN7yShJ9TqMGAENMlVy9Dds6KameRTIFTFdCw8jChAplVKI9PP1YEOQZKiCVv6PF0PSA==}
    engines: {node: '>=16'}

  '@scure/base@1.2.5':
    resolution: {integrity: sha512-9rE6EOVeIQzt5TSu4v+K523F8u6DhBsoZWPGKlnCshhlDhy0kJzUX4V+tr2dWmzF1GdekvThABoEQBGBQI7xZw==}

  '@scure/bip32@1.7.0':
    resolution: {integrity: sha512-E4FFX/N3f4B80AKWp5dP6ow+flD1LQZo/w8UnLGYZO674jS6YnYeepycOOksv+vLPSpgN35wgKgy+ybfTb2SMw==}

  '@scure/bip39@1.6.0':
    resolution: {integrity: sha512-+lF0BbLiJNwVlev4eKelw1WWLaiKXw7sSl8T6FvBlWkdX+94aGJ4o8XjUdlyhTCjd8c+B3KT3JfS8P0bLRNU6A==}

  '@types/node@20.12.12':
    resolution: {integrity: sha512-eWLDGF/FOSPtAvEqeRAQ4C8LSA7M1I7i0ky1I8U7kD1J5ITyW3AsRhQrKVoWf5pFKZ2kILsEGJhsI9r93PYnOw==}

  assert@2.1.0:
    resolution: {integrity: sha512-eLHpSK/Y4nhMJ07gDaAzoX/XAKS8PSaojml3M0DM4JpV1LAi5JOJ/p6H/XWrl8L+DzVEvVCW1z3vWAaB9oTsQw==}

  available-typed-arrays@1.0.7:
    resolution: {integrity: sha512-wvUjBtSGN7+7SjNpq/9M2Tg350UZD3q62IFZLbRAR1bSMlCo1ZaeW+BJ+D090e4hIIZLBcTDWe4Mh4jvUDajzQ==}
    engines: {node: '>= 0.4'}

  bech32@2.0.0:
    resolution: {integrity: sha512-LcknSilhIGatDAsY1ak2I8VtGaHNhgMSYVxFrGLXv+xLHytaKZKcaUJJUE7qmBr7h33o5YQwP55pMI0xmkpJwg==}

  call-bind@1.0.7:
    resolution: {integrity: sha512-GHTSNSYICQ7scH7sZ+M2rFopRoLh8t2bLSW6BbgrtLsahOIB5iyAVJf9GjWK3cYTDaMj4XdBpM1cA6pIS0Kv2w==}
    engines: {node: '>= 0.4'}

  define-data-property@1.1.4:
    resolution: {integrity: sha512-rBMvIzlpA8v6E+SJZoo++HAYqsLrkg7MSfIinMPFhmkorw7X+dOXVJQs+QT69zGkzMyfDnIMN2Wid1+NbL3T+A==}
    engines: {node: '>= 0.4'}

  define-properties@1.2.1:
    resolution: {integrity: sha512-8QmQKqEASLd5nx0U1B1okLElbUuuttJ/AnYmRXbbbGDWh6uS208EjD4Xqq/I9wK7u0v6O08XhTWnt5XtEbR6Dg==}
    engines: {node: '>= 0.4'}

  dotenv@16.4.5:
    resolution: {integrity: sha512-ZmdL2rui+eB2YwhsWzjInR8LldtZHGDoQ1ugH85ppHKwpUHL7j7rN0Ti9NCnGiQbhaZ11FpR+7ao1dNsmduNUg==}
    engines: {node: '>=12'}

  es-define-property@1.0.0:
    resolution: {integrity: sha512-jxayLKShrEqqzJ0eumQbVhTYQM27CfT1T35+gCgDFoL82JLsXqTJ76zv6A0YLOgEnLUMvLzsDsGIrl8NFpT2gQ==}
    engines: {node: '>= 0.4'}

  es-errors@1.3.0:
    resolution: {integrity: sha512-Zf5H2Kxt2xjTvbJvP2ZWLEICxA6j+hAmMzIlypy4xcBg1vKVnx89Wy0GbS+kf5cwCVFFzdCFh2XSCFNULS6csw==}
    engines: {node: '>= 0.4'}

  for-each@0.3.3:
    resolution: {integrity: sha512-jqYfLp7mo9vIyQf8ykW2v7A+2N4QjeCeI5+Dz9XraiO1ign81wjiH7Fb9vSOWvQfNtmSa4H2RoQTrrXivdUZmw==}

  function-bind@1.1.2:
    resolution: {integrity: sha512-7XHNxH7qX9xG5mIwxkhumTox/MIRNcOgDrxWsMt2pAr23WHp6MrRlN7FBSFpCpr+oVO0F744iUgR82nJMfG2SA==}

  get-intrinsic@1.2.4:
    resolution: {integrity: sha512-5uYhsJH8VJBTv7oslg4BznJYhDoRI6waYCxMmCdnTrcCrHA/fCFKoTFz2JKKE0HdDFUF7/oQuhzumXJK7paBRQ==}
    engines: {node: '>= 0.4'}

  gopd@1.0.1:
    resolution: {integrity: sha512-d65bNlIadxvpb/A2abVdlqKqV563juRnZ1Wtk6s1sIR8uNsXR70xqIzVqxVf1eTqDunwT2MkczEeaezCKTZhwA==}

  gql.tada@1.8.10:
    resolution: {integrity: sha512-FrvSxgz838FYVPgZHGOSgbpOjhR+yq44rCzww3oOPJYi0OvBJjAgCiP6LEokZIYND2fUTXzQAyLgcvgw1yNP5A==}
    hasBin: true
    peerDependencies:
      typescript: ^5.0.0

  graphql@16.10.0:
    resolution: {integrity: sha512-AjqGKbDGUFRKIRCP9tCKiIGHyriz2oHEbPIbEtcSLSs4YjReZOIPQQWek4+6hjw62H9QShXHyaGivGiYVLeYFQ==}
    engines: {node: ^12.22.0 || ^14.16.0 || ^16.0.0 || >=17.0.0}

  has-property-descriptors@1.0.2:
    resolution: {integrity: sha512-55JNKuIW+vq4Ke1BjOTjM2YctQIvCT7GFzHwmfZPGo5wnrgkid0YQtnAleFSqumZm4az3n2BS+erby5ipJdgrg==}

  has-proto@1.0.3:
    resolution: {integrity: sha512-SJ1amZAJUiZS+PhsVLf5tGydlaVB8EdFpaSO4gmiUKUOxk8qzn5AIy4ZeJUmh22znIdk/uMAUT2pl3FxzVUH+Q==}
    engines: {node: '>= 0.4'}

  has-symbols@1.0.3:
    resolution: {integrity: sha512-l3LCuF6MgDNwTDKkdYGEihYjt5pRPbEg46rtlmnSPlUbgmB8LOIrKJbYYFBSbnPaJexMKtiPO8hmeRjRz2Td+A==}
    engines: {node: '>= 0.4'}

  has-tostringtag@1.0.2:
    resolution: {integrity: sha512-NqADB8VjPFLM2V0VvHUewwwsw0ZWBaIdgo+ieHtK3hasLz4qeCRjYcqfB6AQrBggRKppKF8L52/VqdVsO47Dlw==}
    engines: {node: '>= 0.4'}

  hasown@2.0.2:
    resolution: {integrity: sha512-0hJU9SCPvmMzIBdZFqNPXWa6dqh7WdH0cII9y+CyS8rG3nL48Bclra9HmKhVVUHyPWNH5Y7xDwAB7bfgSjkUMQ==}
    engines: {node: '>= 0.4'}

  inherits@2.0.4:
    resolution: {integrity: sha512-k/vGaX4/Yla3WzyMCvTQOXYeIHvqOKtnqBduzTHpzpQZzAskKMhZ2K+EnBiSM9zGSoIFeMpXKxa4dYeZIQqewQ==}

  is-arguments@1.1.1:
    resolution: {integrity: sha512-8Q7EARjzEnKpt/PCD7e1cgUS0a6X8u5tdSiMqXhojOdoV9TsMsiO+9VLC5vAmO8N7/GmXn7yjR8qnA6bVAEzfA==}
    engines: {node: '>= 0.4'}

  is-callable@1.2.7:
    resolution: {integrity: sha512-1BC0BVFhS/p0qtw6enp8e+8OD0UrK0oFLztSjNzhcKA3WDuJxxAPXzPuPtKkjEY9UUoEWlX/8fgKeu2S8i9JTA==}
    engines: {node: '>= 0.4'}

  is-generator-function@1.0.10:
    resolution: {integrity: sha512-jsEjy9l3yiXEQ+PsXdmBwEPcOxaXWLspKdplFUVI9vq1iZgIekeC0L167qeu86czQaxed3q/Uzuw0swL0irL8A==}
    engines: {node: '>= 0.4'}

  is-nan@1.3.2:
    resolution: {integrity: sha512-E+zBKpQ2t6MEo1VsonYmluk9NxGrbzpeeLC2xIViuO2EjU2xsXsBPwTr3Ykv9l08UYEVEdWeRZNouaZqF6RN0w==}
    engines: {node: '>= 0.4'}

  is-typed-array@1.1.13:
    resolution: {integrity: sha512-uZ25/bUAlUY5fR4OKT4rZQEBrzQWYV9ZJYGGsUmEJ6thodVJ1HX64ePQ6Z0qPWP+m+Uq6e9UugrE38jeYsDSMw==}
    engines: {node: '>= 0.4'}

  json5@2.2.3:
    resolution: {integrity: sha512-XmOWe7eyHYH14cLdVPoyg+GOH3rYX++KpzrylJwSW98t3Nk+U8XOl8FWKOgwtzdb8lXGf6zYwDUzeHMWfxasyg==}
    engines: {node: '>=6'}
    hasBin: true

  minimist@1.2.8:
    resolution: {integrity: sha512-2yyAR8qBkN3YuheJanUpWC5U3bb5osDywNB8RzDVlDwDHbocAJveqqj1u8+SVD7jkWT4yvsHCpWqqWqAxb0zCA==}

  object-is@1.1.6:
    resolution: {integrity: sha512-F8cZ+KfGlSGi09lJT7/Nd6KJZ9ygtvYC0/UYYLI9nmQKLMnydpB9yvbv9K1uSkEu7FU9vYPmVwLg328tX+ot3Q==}
    engines: {node: '>= 0.4'}

  object-keys@1.1.1:
    resolution: {integrity: sha512-NuAESUOUMrlIXOfHKzD6bpPu3tYt3xvjNdRIQ+FeT0lNb4K8WR70CaDxhuNguS2XG+GjkyMwOzsN5ZktImfhLA==}
    engines: {node: '>= 0.4'}

  object.assign@4.1.5:
    resolution: {integrity: sha512-byy+U7gp+FVwmyzKPYhW2h5l3crpmGsxl7X2s8y43IgxvG4g3QZ6CffDtsNQy1WsmZpQbO+ybo0AlW7TY6DcBQ==}
    engines: {node: '>= 0.4'}

  poseidon-lite@0.2.1:
    resolution: {integrity: sha512-xIr+G6HeYfOhCuswdqcFpSX47SPhm0EpisWJ6h7fHlWwaVIvH3dLnejpatrtw6Xc6HaLrpq05y7VRfvDmDGIog==}

  possible-typed-array-names@1.0.0:
    resolution: {integrity: sha512-d7Uw+eZoloe0EHDIYoe+bQ5WXnGMOpmiZFTuMWCwpjzzkL2nTjcKiAk4hh8TjnGye2TwWOk3UXucZ+3rbmBa8Q==}
    engines: {node: '>= 0.4'}

  set-function-length@1.2.2:
    resolution: {integrity: sha512-pgRc4hJ4/sNjWCSS9AmnS40x3bNMDTknHgL5UaMBTMyJnU90EgWh1Rz+MC9eFu4BuN/UwZjKQuY/1v3rM7HMfg==}
    engines: {node: '>= 0.4'}

  strip-bom@3.0.0:
    resolution: {integrity: sha512-vavAMRXOgBVNF6nyEEmL3DBK19iRpDcoIwW+swQ+CbGiu7lju6t+JklA1MHweoWtadgt4ISVUsXLyDq34ddcwA==}
    engines: {node: '>=4'}

  tsconfig-paths@4.2.0:
    resolution: {integrity: sha512-NoZ4roiN7LnbKn9QqE1amc9DJfzvZXxF4xDavcOWt1BPkdx+m+0gJuPM+S0vCe7zTJMYUP0R8pO2XMr+Y8oLIg==}
    engines: {node: '>=6'}

  typescript@5.4.5:
    resolution: {integrity: sha512-vcI4UpRgg81oIRUFwR0WSIHKt11nJ7SAVlYNIu+QpqeyXP+gpQJy/Z4+F0aGxSE4MqwjyXvW/TzgkLAx2AGHwQ==}
    engines: {node: '>=14.17'}
    hasBin: true

  undici-types@5.26.5:
    resolution: {integrity: sha512-JlCMO+ehdEIKqlFxk6IfVoAUVmgz7cU7zD/h9XZ0qzeosSHmUJVOzSQvvYSYWXkFXC+IfLKSIffhv0sVZup6pA==}

  util@0.12.5:
    resolution: {integrity: sha512-kZf/K6hEIrWHI6XqOFUiiMa+79wE/D8Q+NCNAWclkyg3b4d2k7s0QGepNjiABc+aR3N1PAyHL7p6UcLY6LmrnA==}

  valibot@0.36.0:
    resolution: {integrity: sha512-CjF1XN4sUce8sBK9TixrDqFM7RwNkuXdJu174/AwmQUB62QbCQADg5lLe8ldBalFgtj1uKj+pKwDJiNo4Mn+eQ==}

  which-typed-array@1.1.15:
    resolution: {integrity: sha512-oV0jmFtUky6CXfkqehVvBP/LSWJ2sy4vWMioiENyJLePrBO/yKyV9OyJySfAKosh+RYkIl5zJCNZ8/4JncrpdA==}
    engines: {node: '>= 0.4'}

snapshots:

  '@0no-co/graphql.web@1.0.7(graphql@16.10.0)':
    optionalDependencies:
      graphql: 16.10.0

  '@0no-co/graphqlsp@1.12.16(graphql@16.10.0)(typescript@5.4.5)':
    dependencies:
      '@gql.tada/internal': 1.0.8(graphql@16.10.0)(typescript@5.4.5)
      graphql: 16.10.0
      typescript: 5.4.5

  '@gql.tada/cli-utils@1.6.3(@0no-co/graphqlsp@1.12.16(graphql@16.10.0)(typescript@5.4.5))(graphql@16.10.0)(typescript@5.4.5)':
    dependencies:
      '@0no-co/graphqlsp': 1.12.16(graphql@16.10.0)(typescript@5.4.5)
      '@gql.tada/internal': 1.0.8(graphql@16.10.0)(typescript@5.4.5)
      graphql: 16.10.0
      typescript: 5.4.5

  '@gql.tada/internal@1.0.8(graphql@16.10.0)(typescript@5.4.5)':
    dependencies:
      '@0no-co/graphql.web': 1.0.7(graphql@16.10.0)
      graphql: 16.10.0
      typescript: 5.4.5

  '@graphql-typed-document-node/core@3.2.0(graphql@16.10.0)':
    dependencies:
      graphql: 16.10.0

  '@mysten/bcs@1.6.0':
    dependencies:
      '@scure/base': 1.2.5

  '@mysten/bcs@1.6.1':
    dependencies:
      '@mysten/utils': 0.0.0
      '@scure/base': 1.2.5

  '@mysten/sui@1.28.2(typescript@5.4.5)':
    dependencies:
      '@graphql-typed-document-node/core': 3.2.0(graphql@16.10.0)
      '@mysten/bcs': 1.6.0
      '@mysten/utils': 0.0.0
      '@noble/curves': 1.8.1
      '@noble/hashes': 1.7.1
      '@scure/base': 1.2.5
      '@scure/bip32': 1.7.0
      '@scure/bip39': 1.6.0
      gql.tada: 1.8.10(graphql@16.10.0)(typescript@5.4.5)
      graphql: 16.10.0
      poseidon-lite: 0.2.1
      valibot: 0.36.0
    transitivePeerDependencies:
      - '@gql.tada/svelte-support'
      - '@gql.tada/vue-support'
      - typescript

  '@mysten/utils@0.0.0':
    dependencies:
      '@scure/base': 1.2.5

  '@noble/curves@1.8.1':
    dependencies:
      '@noble/hashes': 1.7.1

  '@noble/curves@1.9.0':
    dependencies:
      '@noble/hashes': 1.8.0

  '@noble/hashes@1.7.1': {}

  '@noble/hashes@1.8.0': {}

  '@scallop-io/sui-kit@1.4.0(typescript@5.4.5)':
    dependencies:
      '@mysten/bcs': 1.6.1
      '@mysten/sui': 1.28.2(typescript@5.4.5)
      '@scure/bip39': 1.6.0
      assert: 2.1.0
      bech32: 2.0.0
    transitivePeerDependencies:
      - '@gql.tada/svelte-support'
      - '@gql.tada/vue-support'
      - typescript

  '@scure/base@1.2.5': {}

  '@scure/bip32@1.7.0':
    dependencies:
      '@noble/curves': 1.9.0
      '@noble/hashes': 1.8.0
      '@scure/base': 1.2.5

  '@scure/bip39@1.6.0':
    dependencies:
      '@noble/hashes': 1.8.0
      '@scure/base': 1.2.5

  '@types/node@20.12.12':
    dependencies:
      undici-types: 5.26.5

  assert@2.1.0:
    dependencies:
      call-bind: 1.0.7
      is-nan: 1.3.2
      object-is: 1.1.6
      object.assign: 4.1.5
      util: 0.12.5

  available-typed-arrays@1.0.7:
    dependencies:
      possible-typed-array-names: 1.0.0

  bech32@2.0.0: {}

  call-bind@1.0.7:
    dependencies:
      es-define-property: 1.0.0
      es-errors: 1.3.0
      function-bind: 1.1.2
      get-intrinsic: 1.2.4
      set-function-length: 1.2.2

  define-data-property@1.1.4:
    dependencies:
      es-define-property: 1.0.0
      es-errors: 1.3.0
      gopd: 1.0.1

  define-properties@1.2.1:
    dependencies:
      define-data-property: 1.1.4
      has-property-descriptors: 1.0.2
      object-keys: 1.1.1

  dotenv@16.4.5: {}

  es-define-property@1.0.0:
    dependencies:
      get-intrinsic: 1.2.4

  es-errors@1.3.0: {}

  for-each@0.3.3:
    dependencies:
      is-callable: 1.2.7

  function-bind@1.1.2: {}

  get-intrinsic@1.2.4:
    dependencies:
      es-errors: 1.3.0
      function-bind: 1.1.2
      has-proto: 1.0.3
      has-symbols: 1.0.3
      hasown: 2.0.2

  gopd@1.0.1:
    dependencies:
      get-intrinsic: 1.2.4

  gql.tada@1.8.10(graphql@16.10.0)(typescript@5.4.5):
    dependencies:
      '@0no-co/graphql.web': 1.0.7(graphql@16.10.0)
      '@0no-co/graphqlsp': 1.12.16(graphql@16.10.0)(typescript@5.4.5)
      '@gql.tada/cli-utils': 1.6.3(@0no-co/graphqlsp@1.12.16(graphql@16.10.0)(typescript@5.4.5))(graphql@16.10.0)(typescript@5.4.5)
      '@gql.tada/internal': 1.0.8(graphql@16.10.0)(typescript@5.4.5)
      typescript: 5.4.5
    transitivePeerDependencies:
      - '@gql.tada/svelte-support'
      - '@gql.tada/vue-support'
      - graphql

  graphql@16.10.0: {}

  has-property-descriptors@1.0.2:
    dependencies:
      es-define-property: 1.0.0

  has-proto@1.0.3: {}

  has-symbols@1.0.3: {}

  has-tostringtag@1.0.2:
    dependencies:
      has-symbols: 1.0.3

  hasown@2.0.2:
    dependencies:
      function-bind: 1.1.2

  inherits@2.0.4: {}

  is-arguments@1.1.1:
    dependencies:
      call-bind: 1.0.7
      has-tostringtag: 1.0.2

  is-callable@1.2.7: {}

  is-generator-function@1.0.10:
    dependencies:
      has-tostringtag: 1.0.2

  is-nan@1.3.2:
    dependencies:
      call-bind: 1.0.7
      define-properties: 1.2.1

  is-typed-array@1.1.13:
    dependencies:
      which-typed-array: 1.1.15

  json5@2.2.3: {}

  minimist@1.2.8: {}

  object-is@1.1.6:
    dependencies:
      call-bind: 1.0.7
      define-properties: 1.2.1

  object-keys@1.1.1: {}

  object.assign@4.1.5:
    dependencies:
      call-bind: 1.0.7
      define-properties: 1.2.1
      has-symbols: 1.0.3
      object-keys: 1.1.1

  poseidon-lite@0.2.1: {}

  possible-typed-array-names@1.0.0: {}

  set-function-length@1.2.2:
    dependencies:
      define-data-property: 1.1.4
      es-errors: 1.3.0
      function-bind: 1.1.2
      get-intrinsic: 1.2.4
      gopd: 1.0.1
      has-property-descriptors: 1.0.2

  strip-bom@3.0.0: {}

  tsconfig-paths@4.2.0:
    dependencies:
      json5: 2.2.3
      minimist: 1.2.8
      strip-bom: 3.0.0

  typescript@5.4.5: {}

  undici-types@5.26.5: {}

  util@0.12.5:
    dependencies:
      inherits: 2.0.4
      is-arguments: 1.1.1
      is-generator-function: 1.0.10
      is-typed-array: 1.1.13
      which-typed-array: 1.1.15

  valibot@0.36.0: {}

  which-typed-array@1.1.15:
    dependencies:
      available-typed-arrays: 1.0.7
      call-bind: 1.0.7
      for-each: 0.3.3
      gopd: 1.0.1
      has-tostringtag: 1.0.2
